
Microsoft Visual Studio Solution File, Format Version 12.00
# Visual Studio Version 17
VisualStudioVersion = 17.3.32922.545
MinimumVisualStudioVersion = 10.0.40219.1
Project("{9A19103F-16F7-4668-BE54-9A1E7A4F7556}") = "Scalizer", "Scalizer.csproj", "{9B4BA38D-7DD8-4663-A948-BEE89AE73BFB}"
EndProject
Global
	GlobalSection(SolutionConfigurationPlatforms) = preSolution
		Debug|Any CPU = Debug|Any CPU
		Release|Any CPU = Release|Any CPU
	EndGlobalSection
	GlobalSection(ProjectConfigurationPlatforms) = postSolution
		{9B4BA38D-7DD8-4663-A948-BEE89AE73BFB}.Debug|Any CPU.ActiveCfg = Debug|Any CPU
		{9B4BA38D-7DD8-4663-A948-BEE89AE73BFB}.Debug|Any CPU.Build.0 = Debug|Any CPU
		{9B4BA38D-7DD8-4663-A948-BEE89AE73BFB}.Release|Any CPU.ActiveCfg = Release|Any CPU
		{9B4BA38D-7DD8-4663-A948-BEE89AE73BFB}.Release|Any CPU.Build.0 = Release|Any CPU
	EndGlobalSection
	GlobalSection(SolutionProperties) = preSolution
		HideSolutionNode = FALSE
	EndGlobalSection
	GlobalSection(ExtensibilityGlobals) = postSolution
		SolutionGuid = {117C5120-48EB-4EF6-AE6A-4DE2C415A961}
	EndGlobalSection
EndGlobal
